
Microsoft Visual Studio Solution File, Format Version 12.00
# Visual Studio Version 17
VisualStudioVersion = 17.0.31903.59
MinimumVisualStudioVersion = 10.0.40219.1
Project("{FAE04EC0-301F-11D3-BF4B-00C04F79EFBC}") = "Checkers", "Checkers\Checkers.csproj", "{534CCCAC-9620-437E-B2EA-98BAF5F5DF84}"
EndProject
Project("{FAE04EC0-301F-11D3-BF4B-00C04F79EFBC}") = "CheckersTest", "CheckersTest\CheckersTest.csproj", "{48AEB440-6215-44A6-801E-14BC250C45A1}"
EndProject
Global
	GlobalSection(SolutionConfigurationPlatforms) = preSolution
		Debug|Any CPU = Debug|Any CPU
		Release|Any CPU = Release|Any CPU
	EndGlobalSection
	GlobalSection(SolutionProperties) = preSolution
		HideSolutionNode = FALSE
	EndGlobalSection
	GlobalSection(ProjectConfigurationPlatforms) = postSolution
		{534CCCAC-9620-437E-B2EA-98BAF5F5DF84}.Debug|Any CPU.ActiveCfg = Debug|Any CPU
		{534CCCAC-9620-437E-B2EA-98BAF5F5DF84}.Debug|Any CPU.Build.0 = Debug|Any CPU
		{534CCCAC-9620-437E-B2EA-98BAF5F5DF84}.Release|Any CPU.ActiveCfg = Release|Any CPU
		{534CCCAC-9620-437E-B2EA-98BAF5F5DF84}.Release|Any CPU.Build.0 = Release|Any CPU
		{48AEB440-6215-44A6-801E-14BC250C45A1}.Debug|Any CPU.ActiveCfg = Debug|Any CPU
		{48AEB440-6215-44A6-801E-14BC250C45A1}.Debug|Any CPU.Build.0 = Debug|Any CPU
		{48AEB440-6215-44A6-801E-14BC250C45A1}.Release|Any CPU.ActiveCfg = Release|Any CPU
		{48AEB440-6215-44A6-801E-14BC250C45A1}.Release|Any CPU.Build.0 = Release|Any CPU
	EndGlobalSection
EndGlobal
